
Microsoft Visual Studio Solution File, Format Version 12.00
# Visual Studio Version 17
VisualStudioVersion = 17.1.32210.238
MinimumVisualStudioVersion = 10.0.40219.1
Project("{8BC9CEB8-8B4A-11D0-8D11-00A0C91BC942}") = "函数1_0403", "函数1_0403.vcxproj", "{8F9526BA-ED29-4122-99C1-54008E5B8883}"
EndProject
Global
	GlobalSection(SolutionConfigurationPlatforms) = preSolution
		Debug|x64 = Debug|x64
		Debug|x86 = Debug|x86
		Release|x64 = Release|x64
		Release|x86 = Release|x86
	EndGlobalSection
	GlobalSection(ProjectConfigurationPlatforms) = postSolution
		{8F9526BA-ED29-4122-99C1-54008E5B8883}.Debug|x64.ActiveCfg = Debug|x64
		{8F9526BA-ED29-4122-99C1-54008E5B8883}.Debug|x64.Build.0 = Debug|x64
		{8F9526BA-ED29-4122-99C1-54008E5B8883}.Debug|x86.ActiveCfg = Debug|Win32
		{8F9526BA-ED29-4122-99C1-54008E5B8883}.Debug|x86.Build.0 = Debug|Win32
		{8F9526BA-ED29-4122-99C1-54008E5B8883}.Release|x64.ActiveCfg = Release|x64
		{8F9526BA-ED29-4122-99C1-54008E5B8883}.Release|x64.Build.0 = Release|x64
		{8F9526BA-ED29-4122-99C1-54008E5B8883}.Release|x86.ActiveCfg = Release|Win32
		{8F9526BA-ED29-4122-99C1-54008E5B8883}.Release|x86.Build.0 = Release|Win32
	EndGlobalSection
	GlobalSection(SolutionProperties) = preSolution
		HideSolutionNode = FALSE
	EndGlobalSection
	GlobalSection(ExtensibilityGlobals) = postSolution
		SolutionGuid = {FF06B757-B958-4B44-97FC-CC3B64BFB6B4}
	EndGlobalSection
EndGlobal
