
Microsoft Visual Studio Solution File, Format Version 12.00
# Visual Studio Version 17
VisualStudioVersion = 17.1.32210.238
MinimumVisualStudioVersion = 10.0.40219.1
Project("{8BC9CEB8-8B4A-11D0-8D11-00A0C91BC942}") = "函数2", "函数2.vcxproj", "{1EE7729B-2002-460D-9EEB-9B630C9EF6B8}"
EndProject
Global
	GlobalSection(SolutionConfigurationPlatforms) = preSolution
		Debug|x64 = Debug|x64
		Debug|x86 = Debug|x86
		Release|x64 = Release|x64
		Release|x86 = Release|x86
	EndGlobalSection
	GlobalSection(ProjectConfigurationPlatforms) = postSolution
		{1EE7729B-2002-460D-9EEB-9B630C9EF6B8}.Debug|x64.ActiveCfg = Debug|x64
		{1EE7729B-2002-460D-9EEB-9B630C9EF6B8}.Debug|x64.Build.0 = Debug|x64
		{1EE7729B-2002-460D-9EEB-9B630C9EF6B8}.Debug|x86.ActiveCfg = Debug|Win32
		{1EE7729B-2002-460D-9EEB-9B630C9EF6B8}.Debug|x86.Build.0 = Debug|Win32
		{1EE7729B-2002-460D-9EEB-9B630C9EF6B8}.Release|x64.ActiveCfg = Release|x64
		{1EE7729B-2002-460D-9EEB-9B630C9EF6B8}.Release|x64.Build.0 = Release|x64
		{1EE7729B-2002-460D-9EEB-9B630C9EF6B8}.Release|x86.ActiveCfg = Release|Win32
		{1EE7729B-2002-460D-9EEB-9B630C9EF6B8}.Release|x86.Build.0 = Release|Win32
	EndGlobalSection
	GlobalSection(SolutionProperties) = preSolution
		HideSolutionNode = FALSE
	EndGlobalSection
	GlobalSection(ExtensibilityGlobals) = postSolution
		SolutionGuid = {D177EC30-8FF6-4E6E-83BE-E9A116D4E29C}
	EndGlobalSection
EndGlobal
